
Microsoft Visual Studio Solution File, Format Version 12.00
# Visual Studio Version 17
VisualStudioVersion = 17.9.34701.34
MinimumVisualStudioVersion = 10.0.40219.1
Project("{FAE04EC0-301F-11D3-BF4B-00C04F79EFBC}") = "CalcPartidaRankeada", "CalcPartidaRankeada.csproj", "{8E17175F-58EC-46E5-A85B-5A1A77178F50}"
EndProject
Global
	GlobalSection(SolutionConfigurationPlatforms) = preSolution
		Debug|Any CPU = Debug|Any CPU
		Release|Any CPU = Release|Any CPU
	EndGlobalSection
	GlobalSection(ProjectConfigurationPlatforms) = postSolution
		{8E17175F-58EC-46E5-A85B-5A1A77178F50}.Debug|Any CPU.ActiveCfg = Debug|Any CPU
		{8E17175F-58EC-46E5-A85B-5A1A77178F50}.Debug|Any CPU.Build.0 = Debug|Any CPU
		{8E17175F-58EC-46E5-A85B-5A1A77178F50}.Release|Any CPU.ActiveCfg = Release|Any CPU
		{8E17175F-58EC-46E5-A85B-5A1A77178F50}.Release|Any CPU.Build.0 = Release|Any CPU
	EndGlobalSection
	GlobalSection(SolutionProperties) = preSolution
		HideSolutionNode = FALSE
	EndGlobalSection
	GlobalSection(ExtensibilityGlobals) = postSolution
		SolutionGuid = {555F5862-3682-4334-87C6-FD8CAA62DCC7}
	EndGlobalSection
EndGlobal
